
Microsoft Visual Studio Solution File, Format Version 12.00
# Visual Studio Version 16
VisualStudioVersion = 16.0.31005.135
MinimumVisualStudioVersion = 10.0.40219.1
Project("{FAE04EC0-301F-11D3-BF4B-00C04F79EFBC}") = "SINAV_SORULARI", "SINAV_SORULARI\SINAV_SORULARI.csproj", "{76D02C32-2FE5-4B6A-B9F2-13961005355F}"
EndProject
Global
	GlobalSection(SolutionConfigurationPlatforms) = preSolution
		Debug|Any CPU = Debug|Any CPU
		Release|Any CPU = Release|Any CPU
	EndGlobalSection
	GlobalSection(ProjectConfigurationPlatforms) = postSolution
		{76D02C32-2FE5-4B6A-B9F2-13961005355F}.Debug|Any CPU.ActiveCfg = Debug|Any CPU
		{76D02C32-2FE5-4B6A-B9F2-13961005355F}.Debug|Any CPU.Build.0 = Debug|Any CPU
		{76D02C32-2FE5-4B6A-B9F2-13961005355F}.Release|Any CPU.ActiveCfg = Release|Any CPU
		{76D02C32-2FE5-4B6A-B9F2-13961005355F}.Release|Any CPU.Build.0 = Release|Any CPU
	EndGlobalSection
	GlobalSection(SolutionProperties) = preSolution
		HideSolutionNode = FALSE
	EndGlobalSection
	GlobalSection(ExtensibilityGlobals) = postSolution
		SolutionGuid = {221D276C-2C75-4527-BDBA-DE1F32E10000}
	EndGlobalSection
EndGlobal
