
Microsoft Visual Studio Solution File, Format Version 12.00
# Visual Studio Version 16
VisualStudioVersion = 16.0.30717.126
MinimumVisualStudioVersion = 10.0.40219.1
Project("{FAE04EC0-301F-11D3-BF4B-00C04F79EFBC}") = "ıf_ else_karar_yapıları", "ıf_ else_karar_yapıları\ıf_ else_karar_yapıları.csproj", "{02EDBE43-B919-4B10-A7A4-7F8FA759646B}"
EndProject
Global
	GlobalSection(SolutionConfigurationPlatforms) = preSolution
		Debug|Any CPU = Debug|Any CPU
		Release|Any CPU = Release|Any CPU
	EndGlobalSection
	GlobalSection(ProjectConfigurationPlatforms) = postSolution
		{02EDBE43-B919-4B10-A7A4-7F8FA759646B}.Debug|Any CPU.ActiveCfg = Debug|Any CPU
		{02EDBE43-B919-4B10-A7A4-7F8FA759646B}.Debug|Any CPU.Build.0 = Debug|Any CPU
		{02EDBE43-B919-4B10-A7A4-7F8FA759646B}.Release|Any CPU.ActiveCfg = Release|Any CPU
		{02EDBE43-B919-4B10-A7A4-7F8FA759646B}.Release|Any CPU.Build.0 = Release|Any CPU
	EndGlobalSection
	GlobalSection(SolutionProperties) = preSolution
		HideSolutionNode = FALSE
	EndGlobalSection
	GlobalSection(ExtensibilityGlobals) = postSolution
		SolutionGuid = {EBDC537A-5B39-42C5-A137-5DB2BDECE68A}
	EndGlobalSection
EndGlobal
