
Microsoft Visual Studio Solution File, Format Version 12.00
# Visual Studio Version 16
VisualStudioVersion = 16.0.31005.135
MinimumVisualStudioVersion = 10.0.40219.1
Project("{FAE04EC0-301F-11D3-BF4B-00C04F79EFBC}") = "MenuStrip_kullanımı", "MenuStrip_kullanımı\MenuStrip_kullanımı.csproj", "{6318B98B-EC9F-4399-8598-7418BB6F011A}"
EndProject
Global
	GlobalSection(SolutionConfigurationPlatforms) = preSolution
		Debug|Any CPU = Debug|Any CPU
		Release|Any CPU = Release|Any CPU
	EndGlobalSection
	GlobalSection(ProjectConfigurationPlatforms) = postSolution
		{6318B98B-EC9F-4399-8598-7418BB6F011A}.Debug|Any CPU.ActiveCfg = Debug|Any CPU
		{6318B98B-EC9F-4399-8598-7418BB6F011A}.Debug|Any CPU.Build.0 = Debug|Any CPU
		{6318B98B-EC9F-4399-8598-7418BB6F011A}.Release|Any CPU.ActiveCfg = Release|Any CPU
		{6318B98B-EC9F-4399-8598-7418BB6F011A}.Release|Any CPU.Build.0 = Release|Any CPU
	EndGlobalSection
	GlobalSection(SolutionProperties) = preSolution
		HideSolutionNode = FALSE
	EndGlobalSection
	GlobalSection(ExtensibilityGlobals) = postSolution
		SolutionGuid = {4A38BA89-18D5-46C2-A77A-E1DB1EB04833}
	EndGlobalSection
EndGlobal
