
Microsoft Visual Studio Solution File, Format Version 12.00
# Visual Studio Version 16
VisualStudioVersion = 16.0.31005.135
MinimumVisualStudioVersion = 10.0.40219.1
Project("{FAE04EC0-301F-11D3-BF4B-00C04F79EFBC}") = "Sınıflar_Geriye_değer_döndüren_metodlar", "Sınıflar_Geriye_değer_döndüren_metodlar\Sınıflar_Geriye_değer_döndüren_metodlar.csproj", "{051C36F0-BA4A-463A-AA21-9451E910EE36}"
EndProject
Global
	GlobalSection(SolutionConfigurationPlatforms) = preSolution
		Debug|Any CPU = Debug|Any CPU
		Release|Any CPU = Release|Any CPU
	EndGlobalSection
	GlobalSection(ProjectConfigurationPlatforms) = postSolution
		{051C36F0-BA4A-463A-AA21-9451E910EE36}.Debug|Any CPU.ActiveCfg = Debug|Any CPU
		{051C36F0-BA4A-463A-AA21-9451E910EE36}.Debug|Any CPU.Build.0 = Debug|Any CPU
		{051C36F0-BA4A-463A-AA21-9451E910EE36}.Release|Any CPU.ActiveCfg = Release|Any CPU
		{051C36F0-BA4A-463A-AA21-9451E910EE36}.Release|Any CPU.Build.0 = Release|Any CPU
	EndGlobalSection
	GlobalSection(SolutionProperties) = preSolution
		HideSolutionNode = FALSE
	EndGlobalSection
	GlobalSection(ExtensibilityGlobals) = postSolution
		SolutionGuid = {B5591911-3CBB-4D2D-990C-09A0C1ACBF2F}
	EndGlobalSection
EndGlobal
