
Microsoft Visual Studio Solution File, Format Version 12.00
# Visual Studio Version 16
VisualStudioVersion = 16.0.31005.135
MinimumVisualStudioVersion = 10.0.40219.1
Project("{FAE04EC0-301F-11D3-BF4B-00C04F79EFBC}") = "Foreach_Diziler", "Foreach_Diziler\Foreach_Diziler.csproj", "{6029007C-4988-4C5B-9C0B-8EA4E1B7805F}"
EndProject
Global
	GlobalSection(SolutionConfigurationPlatforms) = preSolution
		Debug|Any CPU = Debug|Any CPU
		Release|Any CPU = Release|Any CPU
	EndGlobalSection
	GlobalSection(ProjectConfigurationPlatforms) = postSolution
		{6029007C-4988-4C5B-9C0B-8EA4E1B7805F}.Debug|Any CPU.ActiveCfg = Debug|Any CPU
		{6029007C-4988-4C5B-9C0B-8EA4E1B7805F}.Debug|Any CPU.Build.0 = Debug|Any CPU
		{6029007C-4988-4C5B-9C0B-8EA4E1B7805F}.Release|Any CPU.ActiveCfg = Release|Any CPU
		{6029007C-4988-4C5B-9C0B-8EA4E1B7805F}.Release|Any CPU.Build.0 = Release|Any CPU
	EndGlobalSection
	GlobalSection(SolutionProperties) = preSolution
		HideSolutionNode = FALSE
	EndGlobalSection
	GlobalSection(ExtensibilityGlobals) = postSolution
		SolutionGuid = {80C31EDC-AD74-4885-8434-65DE98BDA1D8}
	EndGlobalSection
EndGlobal
