
Microsoft Visual Studio Solution File, Format Version 12.00
# Visual Studio Version 16
VisualStudioVersion = 16.0.30717.126
MinimumVisualStudioVersion = 10.0.40219.1
Project("{FAE04EC0-301F-11D3-BF4B-00C04F79EFBC}") = "Combobox_Listbox", "Combobox_Listbox\Combobox_Listbox.csproj", "{C9259508-E5E0-4206-8C80-7C0E2EDF054D}"
EndProject
Global
	GlobalSection(SolutionConfigurationPlatforms) = preSolution
		Debug|Any CPU = Debug|Any CPU
		Release|Any CPU = Release|Any CPU
	EndGlobalSection
	GlobalSection(ProjectConfigurationPlatforms) = postSolution
		{C9259508-E5E0-4206-8C80-7C0E2EDF054D}.Debug|Any CPU.ActiveCfg = Debug|Any CPU
		{C9259508-E5E0-4206-8C80-7C0E2EDF054D}.Debug|Any CPU.Build.0 = Debug|Any CPU
		{C9259508-E5E0-4206-8C80-7C0E2EDF054D}.Release|Any CPU.ActiveCfg = Release|Any CPU
		{C9259508-E5E0-4206-8C80-7C0E2EDF054D}.Release|Any CPU.Build.0 = Release|Any CPU
	EndGlobalSection
	GlobalSection(SolutionProperties) = preSolution
		HideSolutionNode = FALSE
	EndGlobalSection
	GlobalSection(ExtensibilityGlobals) = postSolution
		SolutionGuid = {1147BCAD-CD4A-40A4-830B-87EFF4D3F116}
	EndGlobalSection
EndGlobal
