
Microsoft Visual Studio Solution File, Format Version 12.00
# Visual Studio Version 16
VisualStudioVersion = 16.0.31005.135
MinimumVisualStudioVersion = 10.0.40219.1
Project("{FAE04EC0-301F-11D3-BF4B-00C04F79EFBC}") = "if_else_projem", "if_else_projem\if_else_projem.csproj", "{AA446D2D-9FD3-49B8-A80C-5B18D186693A}"
EndProject
Global
	GlobalSection(SolutionConfigurationPlatforms) = preSolution
		Debug|Any CPU = Debug|Any CPU
		Release|Any CPU = Release|Any CPU
	EndGlobalSection
	GlobalSection(ProjectConfigurationPlatforms) = postSolution
		{AA446D2D-9FD3-49B8-A80C-5B18D186693A}.Debug|Any CPU.ActiveCfg = Debug|Any CPU
		{AA446D2D-9FD3-49B8-A80C-5B18D186693A}.Debug|Any CPU.Build.0 = Debug|Any CPU
		{AA446D2D-9FD3-49B8-A80C-5B18D186693A}.Release|Any CPU.ActiveCfg = Release|Any CPU
		{AA446D2D-9FD3-49B8-A80C-5B18D186693A}.Release|Any CPU.Build.0 = Release|Any CPU
	EndGlobalSection
	GlobalSection(SolutionProperties) = preSolution
		HideSolutionNode = FALSE
	EndGlobalSection
	GlobalSection(ExtensibilityGlobals) = postSolution
		SolutionGuid = {57ADBAD2-2CA3-40F0-9A7B-93556A6A3E51}
	EndGlobalSection
EndGlobal
