
Microsoft Visual Studio Solution File, Format Version 12.00
# Visual Studio Version 16
VisualStudioVersion = 16.0.30717.126
MinimumVisualStudioVersion = 10.0.40219.1
Project("{FAE04EC0-301F-11D3-BF4B-00C04F79EFBC}") = "İnt_Değişkenler_Projesi", "İnt_Değişkenler_Projesi\İnt_Değişkenler_Projesi.csproj", "{1754EE10-F13C-4828-BCBC-5F08472E10FF}"
EndProject
Global
	GlobalSection(SolutionConfigurationPlatforms) = preSolution
		Debug|Any CPU = Debug|Any CPU
		Release|Any CPU = Release|Any CPU
	EndGlobalSection
	GlobalSection(ProjectConfigurationPlatforms) = postSolution
		{1754EE10-F13C-4828-BCBC-5F08472E10FF}.Debug|Any CPU.ActiveCfg = Debug|Any CPU
		{1754EE10-F13C-4828-BCBC-5F08472E10FF}.Debug|Any CPU.Build.0 = Debug|Any CPU
		{1754EE10-F13C-4828-BCBC-5F08472E10FF}.Release|Any CPU.ActiveCfg = Release|Any CPU
		{1754EE10-F13C-4828-BCBC-5F08472E10FF}.Release|Any CPU.Build.0 = Release|Any CPU
	EndGlobalSection
	GlobalSection(SolutionProperties) = preSolution
		HideSolutionNode = FALSE
	EndGlobalSection
	GlobalSection(ExtensibilityGlobals) = postSolution
		SolutionGuid = {19A8515E-C51F-4B65-9159-4BCA2749F461}
	EndGlobalSection
EndGlobal
