
Microsoft Visual Studio Solution File, Format Version 12.00
# Visual Studio Version 16
VisualStudioVersion = 16.0.31005.135
MinimumVisualStudioVersion = 10.0.40219.1
Project("{FAE04EC0-301F-11D3-BF4B-00C04F79EFBC}") = "Constructor_Yapıcı_metodlar_2", "Constructor_Yapıcı_metodlar_2\Constructor_Yapıcı_metodlar_2.csproj", "{69053794-F873-4F5B-86E5-BF3AAA743BF9}"
EndProject
Global
	GlobalSection(SolutionConfigurationPlatforms) = preSolution
		Debug|Any CPU = Debug|Any CPU
		Release|Any CPU = Release|Any CPU
	EndGlobalSection
	GlobalSection(ProjectConfigurationPlatforms) = postSolution
		{69053794-F873-4F5B-86E5-BF3AAA743BF9}.Debug|Any CPU.ActiveCfg = Debug|Any CPU
		{69053794-F873-4F5B-86E5-BF3AAA743BF9}.Debug|Any CPU.Build.0 = Debug|Any CPU
		{69053794-F873-4F5B-86E5-BF3AAA743BF9}.Release|Any CPU.ActiveCfg = Release|Any CPU
		{69053794-F873-4F5B-86E5-BF3AAA743BF9}.Release|Any CPU.Build.0 = Release|Any CPU
	EndGlobalSection
	GlobalSection(SolutionProperties) = preSolution
		HideSolutionNode = FALSE
	EndGlobalSection
	GlobalSection(ExtensibilityGlobals) = postSolution
		SolutionGuid = {C77ABA05-ED37-4ED4-8E95-2389DCED0FFA}
	EndGlobalSection
EndGlobal
