
Microsoft Visual Studio Solution File, Format Version 12.00
# Visual Studio Version 16
VisualStudioVersion = 16.0.30804.86
MinimumVisualStudioVersion = 10.0.40219.1
Project("{FAE04EC0-301F-11D3-BF4B-00C04F79EFBC}") = "Chekcbox_Radiobüttom_Richtexbox_Groupbox", "Chekcbox_Radiobüttom_Richtexbox_Groupbox\Chekcbox_Radiobüttom_Richtexbox_Groupbox.csproj", "{28BF3632-F1C9-4238-A142-FCF092A8009B}"
EndProject
Global
	GlobalSection(SolutionConfigurationPlatforms) = preSolution
		Debug|Any CPU = Debug|Any CPU
		Release|Any CPU = Release|Any CPU
	EndGlobalSection
	GlobalSection(ProjectConfigurationPlatforms) = postSolution
		{28BF3632-F1C9-4238-A142-FCF092A8009B}.Debug|Any CPU.ActiveCfg = Debug|Any CPU
		{28BF3632-F1C9-4238-A142-FCF092A8009B}.Debug|Any CPU.Build.0 = Debug|Any CPU
		{28BF3632-F1C9-4238-A142-FCF092A8009B}.Release|Any CPU.ActiveCfg = Release|Any CPU
		{28BF3632-F1C9-4238-A142-FCF092A8009B}.Release|Any CPU.Build.0 = Release|Any CPU
	EndGlobalSection
	GlobalSection(SolutionProperties) = preSolution
		HideSolutionNode = FALSE
	EndGlobalSection
	GlobalSection(ExtensibilityGlobals) = postSolution
		SolutionGuid = {A43C9838-F6FE-4331-907C-CBDFF5B9A0F2}
	EndGlobalSection
EndGlobal
